
Microsoft Visual Studio Solution File, Format Version 12.00
# Visual Studio Version 16
VisualStudioVersion = 16.0.30309.148
MinimumVisualStudioVersion = 10.0.40219.1
Project("{FAE04EC0-301F-11D3-BF4B-00C04F79EFBC}") = "BancoApp", "BancoApp\BancoApp.csproj", "{2DDC8C0F-0456-4769-A555-D7F559FF36A1}"
EndProject
Project("{FAE04EC0-301F-11D3-BF4B-00C04F79EFBC}") = "BancoAppTests", "BancoAppTests\BancoAppTests.csproj", "{F3F10CD7-14C7-4172-B55C-E7663FF10827}"
EndProject
Global
	GlobalSection(SolutionConfigurationPlatforms) = preSolution
		Debug|Any CPU = Debug|Any CPU
		Release|Any CPU = Release|Any CPU
	EndGlobalSection
	GlobalSection(ProjectConfigurationPlatforms) = postSolution
		{2DDC8C0F-0456-4769-A555-D7F559FF36A1}.Debug|Any CPU.ActiveCfg = Debug|Any CPU
		{2DDC8C0F-0456-4769-A555-D7F559FF36A1}.Debug|Any CPU.Build.0 = Debug|Any CPU
		{2DDC8C0F-0456-4769-A555-D7F559FF36A1}.Release|Any CPU.ActiveCfg = Release|Any CPU
		{2DDC8C0F-0456-4769-A555-D7F559FF36A1}.Release|Any CPU.Build.0 = Release|Any CPU
		{F3F10CD7-14C7-4172-B55C-E7663FF10827}.Debug|Any CPU.ActiveCfg = Debug|Any CPU
		{F3F10CD7-14C7-4172-B55C-E7663FF10827}.Debug|Any CPU.Build.0 = Debug|Any CPU
		{F3F10CD7-14C7-4172-B55C-E7663FF10827}.Release|Any CPU.ActiveCfg = Release|Any CPU
		{F3F10CD7-14C7-4172-B55C-E7663FF10827}.Release|Any CPU.Build.0 = Release|Any CPU
	EndGlobalSection
	GlobalSection(SolutionProperties) = preSolution
		HideSolutionNode = FALSE
	EndGlobalSection
	GlobalSection(ExtensibilityGlobals) = postSolution
		SolutionGuid = {36943A95-046B-43BF-B717-18BB4A4669ED}
	EndGlobalSection
EndGlobal
